
Microsoft Visual Studio Solution File, Format Version 12.00
# Visual Studio 15
VisualStudioVersion = 15.0.27004.2009
MinimumVisualStudioVersion = 10.0.40219.1
Project("{FAE04EC0-301F-11D3-BF4B-00C04F79EFBC}") = "CodeAnalizer", "CodeAnalizer\CodeAnalizer.csproj", "{4139A892-049C-4352-86F0-152273508099}"
EndProject
Project("{FAE04EC0-301F-11D3-BF4B-00C04F79EFBC}") = "CodeAnalizerTests", "CodeAnalizerTests\CodeAnalizerTests.csproj", "{07ED6B5C-80E5-44DB-BECB-AF3959F2D540}"
EndProject
Global
	GlobalSection(SolutionConfigurationPlatforms) = preSolution
		Debug|Any CPU = Debug|Any CPU
		Release|Any CPU = Release|Any CPU
	EndGlobalSection
	GlobalSection(ProjectConfigurationPlatforms) = postSolution
		{4139A892-049C-4352-86F0-152273508099}.Debug|Any CPU.ActiveCfg = Debug|Any CPU
		{4139A892-049C-4352-86F0-152273508099}.Debug|Any CPU.Build.0 = Debug|Any CPU
		{4139A892-049C-4352-86F0-152273508099}.Release|Any CPU.ActiveCfg = Release|Any CPU
		{4139A892-049C-4352-86F0-152273508099}.Release|Any CPU.Build.0 = Release|Any CPU
		{07ED6B5C-80E5-44DB-BECB-AF3959F2D540}.Debug|Any CPU.ActiveCfg = Debug|Any CPU
		{07ED6B5C-80E5-44DB-BECB-AF3959F2D540}.Debug|Any CPU.Build.0 = Debug|Any CPU
		{07ED6B5C-80E5-44DB-BECB-AF3959F2D540}.Release|Any CPU.ActiveCfg = Release|Any CPU
		{07ED6B5C-80E5-44DB-BECB-AF3959F2D540}.Release|Any CPU.Build.0 = Release|Any CPU
	EndGlobalSection
	GlobalSection(SolutionProperties) = preSolution
		HideSolutionNode = FALSE
	EndGlobalSection
	GlobalSection(ExtensibilityGlobals) = postSolution
		SolutionGuid = {6ABE2B87-B7D4-4283-95C1-C43DDAABDFEC}
	EndGlobalSection
EndGlobal
